// !$*UTF8*$!
{
	archiveVersion = 1;
	classes = {
	};
	objectVersion = 46;
	objects = {

/* Begin PBXBuildFile section */
		D06A1CE21AE17F820081CEDD /* Images.xcassets in Resources */ = {isa = PBXBuildFile; fileRef = D06A1CE11AE17F820081CEDD /* Images.xcassets */; };
		D083B36D1AE147E800DEE3C4 /* githublogo.jpg in Resources */ = {isa = PBXBuildFile; fileRef = D083B36C1AE147E800DEE3C4 /* githublogo.jpg */; };
		D0AC13B11ADCD628002BC6A7 /* AppDelegate.swift in Sources */ = {isa = PBXBuildFile; fileRef = D0AC13B01ADCD628002BC6A7 /* AppDelegate.swift */; };
		D0AC13B61ADCD628002BC6A7 /* Main.storyboard in Resources */ = {isa = PBXBuildFile; fileRef = D0AC13B41ADCD628002BC6A7 /* Main.storyboard */; };
		D0AC13BB1ADCD628002BC6A7 /* LaunchScreen.xib in Resources */ = {isa = PBXBuildFile; fileRef = D0AC13B91ADCD628002BC6A7 /* LaunchScreen.xib */; };
		D0AC13C71ADCD628002BC6A7 /* GitHubToGoRMTests.swift in Sources */ = {isa = PBXBuildFile; fileRef = D0AC13C61ADCD628002BC6A7 /* GitHubToGoRMTests.swift */; };
		D0E31DC61AE0038900C41923 /* LoginViewController.swift in Sources */ = {isa = PBXBuildFile; fileRef = D0E31DC51AE0038900C41923 /* LoginViewController.swift */; };
		D0E31DC81AE0070600C41923 /* OAuthService.swift in Sources */ = {isa = PBXBuildFile; fileRef = D0E31DC71AE0070600C41923 /* OAuthService.swift */; };
		D0E45CC91ADF2C7E00A97D1C /* protected.swift in Sources */ = {isa = PBXBuildFile; fileRef = D0E45CC81ADF2C7E00A97D1C /* protected.swift */; };
		D0E45CD01ADF323B00A97D1C /* MainMenuViewController.swift in Sources */ = {isa = PBXBuildFile; fileRef = D0E45CCF1ADF323B00A97D1C /* MainMenuViewController.swift */; };
		D0E45CD41ADF33D800A97D1C /* GitHubService.swift in Sources */ = {isa = PBXBuildFile; fileRef = D0E45CD31ADF33D800A97D1C /* GitHubService.swift */; };
		D0E45CD61ADF371400A97D1C /* Repository.swift in Sources */ = {isa = PBXBuildFile; fileRef = D0E45CD51ADF371400A97D1C /* Repository.swift */; };
		D0E45CD81ADF3DB100A97D1C /* ReposSearchViewController.swift in Sources */ = {isa = PBXBuildFile; fileRef = D0E45CD71ADF3DB100A97D1C /* ReposSearchViewController.swift */; };
		D0E45CDA1ADF6A6400A97D1C /* ReposJSONParser.swift in Sources */ = {isa = PBXBuildFile; fileRef = D0E45CD91ADF6A6400A97D1C /* ReposJSONParser.swift */; };
/* End PBXBuildFile section */

/* Begin PBXContainerItemProxy section */
		D0AC13C11ADCD628002BC6A7 /* PBXContainerItemProxy */ = {
			isa = PBXContainerItemProxy;
			containerPortal = D0AC13A31ADCD628002BC6A7 /* Project object */;
			proxyType = 1;
			remoteGlobalIDString = D0AC13AA1ADCD628002BC6A7;
			remoteInfo = GitHubToGoRM;
		};
/* End PBXContainerItemProxy section */

/* Begin PBXFileReference section */
		D06A1CE11AE17F820081CEDD /* Images.xcassets */ = {isa = PBXFileReference; lastKnownFileType = folder.assetcatalog; path = Images.xcassets; sourceTree = "<group>"; };
		D083B36C1AE147E800DEE3C4 /* githublogo.jpg */ = {isa = PBXFileReference; lastKnownFileType = image.jpeg; path = githublogo.jpg; sourceTree = "<group>"; };
		D0AC13AB1ADCD628002BC6A7 /* GitHubToGoRM.app */ = {isa = PBXFileReference; explicitFileType = wrapper.application; includeInIndex = 0; path = GitHubToGoRM.app; sourceTree = BUILT_PRODUCTS_DIR; };
		D0AC13AF1ADCD628002BC6A7 /* Info.plist */ = {isa = PBXFileReference; lastKnownFileType = text.plist.xml; path = Info.plist; sourceTree = "<group>"; };
		D0AC13B01ADCD628002BC6A7 /* AppDelegate.swift */ = {isa = PBXFileReference; lastKnownFileType = sourcecode.swift; path = AppDelegate.swift; sourceTree = "<group>"; };
		D0AC13B51ADCD628002BC6A7 /* Base */ = {isa = PBXFileReference; lastKnownFileType = file.storyboard; name = Base; path = Base.lproj/Main.storyboard; sourceTree = "<group>"; };
		D0AC13BA1ADCD628002BC6A7 /* Base */ = {isa = PBXFileReference; lastKnownFileType = file.xib; name = Base; path = Base.lproj/LaunchScreen.xib; sourceTree = "<group>"; };
		D0AC13C01ADCD628002BC6A7 /* GitHubToGoRMTests.xctest */ = {isa = PBXFileReference; explicitFileType = wrapper.cfbundle; includeInIndex = 0; path = GitHubToGoRMTests.xctest; sourceTree = BUILT_PRODUCTS_DIR; };
		D0AC13C51ADCD628002BC6A7 /* Info.plist */ = {isa = PBXFileReference; lastKnownFileType = text.plist.xml; path = Info.plist; sourceTree = "<group>"; };
		D0AC13C61ADCD628002BC6A7 /* GitHubToGoRMTests.swift */ = {isa = PBXFileReference; lastKnownFileType = sourcecode.swift; path = GitHubToGoRMTests.swift; sourceTree = "<group>"; };
		D0E31DC51AE0038900C41923 /* LoginViewController.swift */ = {isa = PBXFileReference; fileEncoding = 4; lastKnownFileType = sourcecode.swift; name = LoginViewController.swift; path = GitHubToGoRM/LoginViewController.swift; sourceTree = "<group>"; };
		D0E31DC71AE0070600C41923 /* OAuthService.swift */ = {isa = PBXFileReference; fileEncoding = 4; lastKnownFileType = sourcecode.swift; name = OAuthService.swift; path = ../OAuthService.swift; sourceTree = "<group>"; };
		D0E45CC81ADF2C7E00A97D1C /* protected.swift */ = {isa = PBXFileReference; fileEncoding = 4; lastKnownFileType = sourcecode.swift; name = protected.swift; path = ../protected.swift; sourceTree = "<group>"; };
		D0E45CCF1ADF323B00A97D1C /* MainMenuViewController.swift */ = {isa = PBXFileReference; fileEncoding = 4; lastKnownFileType = sourcecode.swift; path = MainMenuViewController.swift; sourceTree = "<group>"; };
		D0E45CD31ADF33D800A97D1C /* GitHubService.swift */ = {isa = PBXFileReference; fileEncoding = 4; lastKnownFileType = sourcecode.swift; name = GitHubService.swift; path = ../GitHubService.swift; sourceTree = "<group>"; };
		D0E45CD51ADF371400A97D1C /* Repository.swift */ = {isa = PBXFileReference; fileEncoding = 4; lastKnownFileType = sourcecode.swift; name = Repository.swift; path = ../Repository.swift; sourceTree = "<group>"; };
		D0E45CD71ADF3DB100A97D1C /* ReposSearchViewController.swift */ = {isa = PBXFileReference; fileEncoding = 4; lastKnownFileType = sourcecode.swift; path = ReposSearchViewController.swift; sourceTree = "<group>"; };
		D0E45CD91ADF6A6400A97D1C /* ReposJSONParser.swift */ = {isa = PBXFileReference; fileEncoding = 4; lastKnownFileType = sourcecode.swift; name = ReposJSONParser.swift; path = ../ReposJSONParser.swift; sourceTree = "<group>"; };
/* End PBXFileReference section */

/* Begin PBXFrameworksBuildPhase section */
		D0AC13A81ADCD628002BC6A7 /* Frameworks */ = {
			isa = PBXFrameworksBuildPhase;
			buildActionMask = 2147483647;
			files = (
			);
			runOnlyForDeploymentPostprocessing = 0;
		};
		D0AC13BD1ADCD628002BC6A7 /* Frameworks */ = {
			isa = PBXFrameworksBuildPhase;
			buildActionMask = 2147483647;
			files = (
			);
			runOnlyForDeploymentPostprocessing = 0;
		};
/* End PBXFrameworksBuildPhase section */

/* Begin PBXGroup section */
		D0AC13A21ADCD628002BC6A7 = {
			isa = PBXGroup;
			children = (
				D0AC13AD1ADCD628002BC6A7 /* GitHubToGoRM */,
				D0AC13C31ADCD628002BC6A7 /* GitHubToGoRMTests */,
				D0AC13AC1ADCD628002BC6A7 /* Products */,
				D083B36C1AE147E800DEE3C4 /* githublogo.jpg */,
				D06A1CE11AE17F820081CEDD /* Images.xcassets */,
			);
			sourceTree = "<group>";
		};
		D0AC13AC1ADCD628002BC6A7 /* Products */ = {
			isa = PBXGroup;
			children = (
				D0AC13AB1ADCD628002BC6A7 /* GitHubToGoRM.app */,
				D0AC13C01ADCD628002BC6A7 /* GitHubToGoRMTests.xctest */,
			);
			name = Products;
			sourceTree = "<group>";
		};
		D0AC13AD1ADCD628002BC6A7 /* GitHubToGoRM */ = {
			isa = PBXGroup;
			children = (
				D0E45CCC1ADF2CC900A97D1C /* Controller */,
				D0E45CCB1ADF2CB300A97D1C /* View */,
				D0E45CCA1ADF2CAA00A97D1C /* Model */,
				D0AC13B01ADCD628002BC6A7 /* AppDelegate.swift */,
				D0AC13B91ADCD628002BC6A7 /* LaunchScreen.xib */,
				D0AC13AE1ADCD628002BC6A7 /* Supporting Files */,
			);
			path = GitHubToGoRM;
			sourceTree = "<group>";
		};
		D0AC13AE1ADCD628002BC6A7 /* Supporting Files */ = {
			isa = PBXGroup;
			children = (
				D0E45CC81ADF2C7E00A97D1C /* protected.swift */,
				D0AC13AF1ADCD628002BC6A7 /* Info.plist */,
			);
			name = "Supporting Files";
			sourceTree = "<group>";
		};
		D0AC13C31ADCD628002BC6A7 /* GitHubToGoRMTests */ = {
			isa = PBXGroup;
			children = (
				D0AC13C61ADCD628002BC6A7 /* GitHubToGoRMTests.swift */,
				D0AC13C41ADCD628002BC6A7 /* Supporting Files */,
			);
			path = GitHubToGoRMTests;
			sourceTree = "<group>";
		};
		D0AC13C41ADCD628002BC6A7 /* Supporting Files */ = {
			isa = PBXGroup;
			children = (
				D0AC13C51ADCD628002BC6A7 /* Info.plist */,
			);
			name = "Supporting Files";
			sourceTree = "<group>";
		};
		D0E45CCA1ADF2CAA00A97D1C /* Model */ = {
			isa = PBXGroup;
			children = (
				D0E31DC71AE0070600C41923 /* OAuthService.swift */,
				D0E45CD91ADF6A6400A97D1C /* ReposJSONParser.swift */,
				D0E45CD51ADF371400A97D1C /* Repository.swift */,
				D0E45CD31ADF33D800A97D1C /* GitHubService.swift */,
			);
			name = Model;
			sourceTree = "<group>";
		};
		D0E45CCB1ADF2CB300A97D1C /* View */ = {
			isa = PBXGroup;
			children = (
				D0AC13B41ADCD628002BC6A7 /* Main.storyboard */,
			);
			name = View;
			sourceTree = "<group>";
		};
		D0E45CCC1ADF2CC900A97D1C /* Controller */ = {
			isa = PBXGroup;
			children = (
				D0E45CD71ADF3DB100A97D1C /* ReposSearchViewController.swift */,
				D0E31DC51AE0038900C41923 /* LoginViewController.swift */,
				D0E45CCF1ADF323B00A97D1C /* MainMenuViewController.swift */,
			);
			name = Controller;
			path = ..;
			sourceTree = "<group>";
		};
/* End PBXGroup section */

/* Begin PBXNativeTarget section */
		D0AC13AA1ADCD628002BC6A7 /* GitHubToGoRM */ = {
			isa = PBXNativeTarget;
			buildConfigurationList = D0AC13CA1ADCD628002BC6A7 /* Build configuration list for PBXNativeTarget "GitHubToGoRM" */;
			buildPhases = (
				D0AC13A71ADCD628002BC6A7 /* Sources */,
				D0AC13A81ADCD628002BC6A7 /* Frameworks */,
				D0AC13A91ADCD628002BC6A7 /* Resources */,
			);
			buildRules = (
			);
			dependencies = (
			);
			name = GitHubToGoRM;
			productName = GitHubToGoRM;
			productReference = D0AC13AB1ADCD628002BC6A7 /* GitHubToGoRM.app */;
			productType = "com.apple.product-type.application";
		};
		D0AC13BF1ADCD628002BC6A7 /* GitHubToGoRMTests */ = {
			isa = PBXNativeTarget;
			buildConfigurationList = D0AC13CD1ADCD628002BC6A7 /* Build configuration list for PBXNativeTarget "GitHubToGoRMTests" */;
			buildPhases = (
				D0AC13BC1ADCD628002BC6A7 /* Sources */,
				D0AC13BD1ADCD628002BC6A7 /* Frameworks */,
				D0AC13BE1ADCD628002BC6A7 /* Resources */,
			);
			buildRules = (
			);
			dependencies = (
				D0AC13C21ADCD628002BC6A7 /* PBXTargetDependency */,
			);
			name = GitHubToGoRMTests;
			productName = GitHubToGoRMTests;
			productReference = D0AC13C01ADCD628002BC6A7 /* GitHubToGoRMTests.xctest */;
			productType = "com.apple.product-type.bundle.unit-test";
		};
/* End PBXNativeTarget section */

/* Begin PBXProject section */
		D0AC13A31ADCD628002BC6A7 /* Project object */ = {
			isa = PBXProject;
			attributes = {
				LastUpgradeCheck = 0630;
				ORGANIZATIONNAME = "Randy McLain";
				TargetAttributes = {
					D0AC13AA1ADCD628002BC6A7 = {
						CreatedOnToolsVersion = 6.3;
					};
					D0AC13BF1ADCD628002BC6A7 = {
						CreatedOnToolsVersion = 6.3;
						TestTargetID = D0AC13AA1ADCD628002BC6A7;
					};
				};
			};
			buildConfigurationList = D0AC13A61ADCD628002BC6A7 /* Build configuration list for PBXProject "GitHubToGoRM" */;
			compatibilityVersion = "Xcode 3.2";
			developmentRegion = English;
			hasScannedForEncodings = 0;
			knownRegions = (
				en,
				Base,
			);
			mainGroup = D0AC13A21ADCD628002BC6A7;
			productRefGroup = D0AC13AC1ADCD628002BC6A7 /* Products */;
			projectDirPath = "";
			projectRoot = "";
			targets = (
				D0AC13AA1ADCD628002BC6A7 /* GitHubToGoRM */,
				D0AC13BF1ADCD628002BC6A7 /* GitHubToGoRMTests */,
			);
		};
/* End PBXProject section */

/* Begin PBXResourcesBuildPhase section */
		D0AC13A91ADCD628002BC6A7 /* Resources */ = {
			isa = PBXResourcesBuildPhase;
			buildActionMask = 2147483647;
			files = (
				D0AC13B61ADCD628002BC6A7 /* Main.storyboard in Resources */,
				D06A1CE21AE17F820081CEDD /* Images.xcassets in Resources */,
				D0AC13BB1ADCD628002BC6A7 /* LaunchScreen.xib in Resources */,
				D083B36D1AE147E800DEE3C4 /* githublogo.jpg in Resources */,
			);
			runOnlyForDeploymentPostprocessing = 0;
		};
		D0AC13BE1ADCD628002BC6A7 /* Resources */ = {
			isa = PBXResourcesBuildPhase;
			buildActionMask = 2147483647;
			files = (
			);
			runOnlyForDeploymentPostprocessing = 0;
		};
/* End PBXResourcesBuildPhase section */

/* Begin PBXSourcesBuildPhase section */
		D0AC13A71ADCD628002BC6A7 /* Sources */ = {
			isa = PBXSourcesBuildPhase;
			buildActionMask = 2147483647;
			files = (
				D0E45CD01ADF323B00A97D1C /* MainMenuViewController.swift in Sources */,
				D0E45CC91ADF2C7E00A97D1C /* protected.swift in Sources */,
				D0E45CD61ADF371400A97D1C /* Repository.swift in Sources */,
				D0E45CD41ADF33D800A97D1C /* GitHubService.swift in Sources */,
				D0E31DC61AE0038900C41923 /* LoginViewController.swift in Sources */,
				D0E45CDA1ADF6A6400A97D1C /* ReposJSONParser.swift in Sources */,
				D0E31DC81AE0070600C41923 /* OAuthService.swift in Sources */,
				D0E45CD81ADF3DB100A97D1C /* ReposSearchViewController.swift in Sources */,
				D0AC13B11ADCD628002BC6A7 /* AppDelegate.swift in Sources */,
			);
			runOnlyForDeploymentPostprocessing = 0;
		};
		D0AC13BC1ADCD628002BC6A7 /* Sources */ = {
			isa = PBXSourcesBuildPhase;
			buildActionMask = 2147483647;
			files = (
				D0AC13C71ADCD628002BC6A7 /* GitHubToGoRMTests.swift in Sources */,
			);
			runOnlyForDeploymentPostprocessing = 0;
		};
/* End PBXSourcesBuildPhase section */

/* Begin PBXTargetDependency section */
		D0AC13C21ADCD628002BC6A7 /* PBXTargetDependency */ = {
			isa = PBXTargetDependency;
			target = D0AC13AA1ADCD628002BC6A7 /* GitHubToGoRM */;
			targetProxy = D0AC13C11ADCD628002BC6A7 /* PBXContainerItemProxy */;
		};
/* End PBXTargetDependency section */

/* Begin PBXVariantGroup section */
		D0AC13B41ADCD628002BC6A7 /* Main.storyboard */ = {
			isa = PBXVariantGroup;
			children = (
				D0AC13B51ADCD628002BC6A7 /* Base */,
			);
			name = Main.storyboard;
			sourceTree = "<group>";
		};
		D0AC13B91ADCD628002BC6A7 /* LaunchScreen.xib */ = {
			isa = PBXVariantGroup;
			children = (
				D0AC13BA1ADCD628002BC6A7 /* Base */,
			);
			name = LaunchScreen.xib;
			sourceTree = "<group>";
		};
/* End PBXVariantGroup section */

/* Begin XCBuildConfiguration section */
		D0AC13C81ADCD628002BC6A7 /* Debug */ = {
			isa = XCBuildConfiguration;
			buildSettings = {
				ALWAYS_SEARCH_USER_PATHS = NO;
				CLANG_CXX_LANGUAGE_STANDARD = "gnu++0x";
				CLANG_CXX_LIBRARY = "libc++";
				CLANG_ENABLE_MODULES = YES;
				CLANG_ENABLE_OBJC_ARC = YES;
				CLANG_WARN_BOOL_CONVERSION = YES;
				CLANG_WARN_CONSTANT_CONVERSION = YES;
				CLANG_WARN_DIRECT_OBJC_ISA_USAGE = YES_ERROR;
				CLANG_WARN_EMPTY_BODY = YES;
				CLANG_WARN_ENUM_CONVERSION = YES;
				CLANG_WARN_INT_CONVERSION = YES;
				CLANG_WARN_OBJC_ROOT_CLASS = YES_ERROR;
				CLANG_WARN_UNREACHABLE_CODE = YES;
				CLANG_WARN__DUPLICATE_METHOD_MATCH = YES;
				"CODE_SIGN_IDENTITY[sdk=iphoneos*]" = "iPhone Developer";
				COPY_PHASE_STRIP = NO;
				DEBUG_INFORMATION_FORMAT = "dwarf-with-dsym";
				ENABLE_STRICT_OBJC_MSGSEND = YES;
				GCC_C_LANGUAGE_STANDARD = gnu99;
				GCC_DYNAMIC_NO_PIC = NO;
				GCC_NO_COMMON_BLOCKS = YES;
				GCC_OPTIMIZATION_LEVEL = 0;
				GCC_PREPROCESSOR_DEFINITIONS = (
					"DEBUG=1",
					"$(inherited)",
				);
				GCC_SYMBOLS_PRIVATE_EXTERN = NO;
				GCC_WARN_64_TO_32_BIT_CONVERSION = YES;
				GCC_WARN_ABOUT_RETURN_TYPE = YES_ERROR;
				GCC_WARN_UNDECLARED_SELECTOR = YES;
				GCC_WARN_UNINITIALIZED_AUTOS = YES_AGGRESSIVE;
				GCC_WARN_UNUSED_FUNCTION = YES;
				GCC_WARN_UNUSED_VARIABLE = YES;
				IPHONEOS_DEPLOYMENT_TARGET = 8.3;
				MTL_ENABLE_DEBUG_INFO = YES;
				ONLY_ACTIVE_ARCH = YES;
				SDKROOT = iphoneos;
				SWIFT_OPTIMIZATION_LEVEL = "-Onone";
				TARGETED_DEVICE_FAMILY = "1,2";
			};
			name = Debug;
		};
		D0AC13C91ADCD628002BC6A7 /* Release */ = {
			isa = XCBuildConfiguration;
			buildSettings = {
				ALWAYS_SEARCH_USER_PATHS = NO;
				CLANG_CXX_LANGUAGE_STANDARD = "gnu++0x";
				CLANG_CXX_LIBRARY = "libc++";
				CLANG_ENABLE_MODULES = YES;
				CLANG_ENABLE_OBJC_ARC = YES;
				CLANG_WARN_BOOL_CONVERSION = YES;
				CLANG_WARN_CONSTANT_CONVERSION = YES;
				CLANG_WARN_DIRECT_OBJC_ISA_USAGE = YES_ERROR;
				CLANG_WARN_EMPTY_BODY = YES;
				CLANG_WARN_ENUM_CONVERSION = YES;
				CLANG_WARN_INT_CONVERSION = YES;
				CLANG_WARN_OBJC_ROOT_CLASS = YES_ERROR;
				CLANG_WARN_UNREACHABLE_CODE = YES;
				CLANG_WARN__DUPLICATE_METHOD_MATCH = YES;
				"CODE_SIGN_IDENTITY[sdk=iphoneos*]" = "iPhone Developer";
				COPY_PHASE_STRIP = NO;
				DEBUG_INFORMATION_FORMAT = "dwarf-with-dsym";
				ENABLE_NS_ASSERTIONS = NO;
				ENABLE_STRICT_OBJC_MSGSEND = YES;
				GCC_C_LANGUAGE_STANDARD = gnu99;
				GCC_NO_COMMON_BLOCKS = YES;
				GCC_WARN_64_TO_32_BIT_CONVERSION = YES;
				GCC_WARN_ABOUT_RETURN_TYPE = YES_ERROR;
				GCC_WARN_UNDECLARED_SELECTOR = YES;
				GCC_WARN_UNINITIALIZED_AUTOS = YES_AGGRESSIVE;
				GCC_WARN_UNUSED_FUNCTION = YES;
				GCC_WARN_UNUSED_VARIABLE = YES;
				IPHONEOS_DEPLOYMENT_TARGET = 8.3;
				MTL_ENABLE_DEBUG_INFO = NO;
				SDKROOT = iphoneos;
				TARGETED_DEVICE_FAMILY = "1,2";
				VALIDATE_PRODUCT = YES;
			};
			name = Release;
		};
		D0AC13CB1ADCD628002BC6A7 /* Debug */ = {
			isa = XCBuildConfiguration;
			buildSettings = {
				ASSETCATALOG_COMPILER_APPICON_NAME = AppIcon;
				INFOPLIST_FILE = GitHubToGoRM/Info.plist;
				LD_RUNPATH_SEARCH_PATHS = "$(inherited) @executable_path/Frameworks";
				PRODUCT_NAME = "$(TARGET_NAME)";
			};
			name = Debug;
		};
		D0AC13CC1ADCD628002BC6A7 /* Release */ = {
			isa = XCBuildConfiguration;
			buildSettings = {
				ASSETCATALOG_COMPILER_APPICON_NAME = AppIcon;
				INFOPLIST_FILE = GitHubToGoRM/Info.plist;
				LD_RUNPATH_SEARCH_PATHS = "$(inherited) @executable_path/Frameworks";
				PRODUCT_NAME = "$(TARGET_NAME)";
			};
			name = Release;
		};
		D0AC13CE1ADCD628002BC6A7 /* Debug */ = {
			isa = XCBuildConfiguration;
			buildSettings = {
				BUNDLE_LOADER = "$(TEST_HOST)";
				FRAMEWORK_SEARCH_PATHS = (
					"$(SDKROOT)/Developer/Library/Frameworks",
					"$(inherited)",
				);
				GCC_PREPROCESSOR_DEFINITIONS = (
					"DEBUG=1",
					"$(inherited)",
				);
				INFOPLIST_FILE = GitHubToGoRMTests/Info.plist;
				LD_RUNPATH_SEARCH_PATHS = "$(inherited) @executable_path/Frameworks @loader_path/Frameworks";
				PRODUCT_NAME = "$(TARGET_NAME)";
				TEST_HOST = "$(BUILT_PRODUCTS_DIR)/GitHubToGoRM.app/GitHubToGoRM";
			};
			name = Debug;
		};
		D0AC13CF1ADCD628002BC6A7 /* Release */ = {
			isa = XCBuildConfiguration;
			buildSettings = {
				BUNDLE_LOADER = "$(TEST_HOST)";
				FRAMEWORK_SEARCH_PATHS = (
					"$(SDKROOT)/Developer/Library/Frameworks",
					"$(inherited)",
				);
				INFOPLIST_FILE = GitHubToGoRMTests/Info.plist;
				LD_RUNPATH_SEARCH_PATHS = "$(inherited) @executable_path/Frameworks @loader_path/Frameworks";
				PRODUCT_NAME = "$(TARGET_NAME)";
				TEST_HOST = "$(BUILT_PRODUCTS_DIR)/GitHubToGoRM.app/GitHubToGoRM";
			};
			name = Release;
		};
/* End XCBuildConfiguration section */

/* Begin XCConfigurationList section */
		D0AC13A61ADCD628002BC6A7 /* Build configuration list for PBXProject "GitHubToGoRM" */ = {
			isa = XCConfigurationList;
			buildConfigurations = (
				D0AC13C81ADCD628002BC6A7 /* Debug */,
				D0AC13C91ADCD628002BC6A7 /* Release */,
			);
			defaultConfigurationIsVisible = 0;
			defaultConfigurationName = Release;
		};
		D0AC13CA1ADCD628002BC6A7 /* Build configuration list for PBXNativeTarget "GitHubToGoRM" */ = {
			isa = XCConfigurationList;
			buildConfigurations = (
				D0AC13CB1ADCD628002BC6A7 /* Debug */,
				D0AC13CC1ADCD628002BC6A7 /* Release */,
			);
			defaultConfigurationIsVisible = 0;
			defaultConfigurationName = Release;
		};
		D0AC13CD1ADCD628002BC6A7 /* Build configuration list for PBXNativeTarget "GitHubToGoRMTests" */ = {
			isa = XCConfigurationList;
			buildConfigurations = (
				D0AC13CE1ADCD628002BC6A7 /* Debug */,
				D0AC13CF1ADCD628002BC6A7 /* Release */,
			);
			defaultConfigurationIsVisible = 0;
			defaultConfigurationName = Release;
		};
/* End XCConfigurationList section */
	};
	rootObject = D0AC13A31ADCD628002BC6A7 /* Project object */;
}
